[{<<"b64">>,
  {git,"https://github.com/exograd/erl-b64.git",
       {ref,"418cc3c3ce75ab3d36b0ff9a399b5f836f12b276"}},
  0},
 {<<"core">>,
  {git,"https://github.com/exograd/erl-core.git",
       {ref,"036df26f7b869cf2c1fd66c559a748657f3f2da3"}},
  1},
 {<<"json">>,
  {git,"https://github.com/exograd/erl-json.git",
       {ref,"03e41ec0d6ae577652bbe90d9c66ccbf74b57a1c"}},
  0},
 {<<"jsv">>,
  {git,"https://github.com/exograd/erl-jsv.git",
       {ref,"451bea7ea4d68689cb9d765935bfe1097c31ec97"}},
  0},
 {<<"ksuid">>,
  {git,"https://github.com/exograd/erl-ksuid.git",
       {ref,"df2e1efb9a39efb4c58bb47be97a223a4119019b"}},
  1},
 {<<"mhttp">>,
  {git,"https://github.com/exograd/erl-mhttp.git",
       {ref,"4667cf337bd785a8889eba33731b7e170a4a9b4b"}},
  0},
 {<<"netrc">>,
  {git,"https://github.com/exograd/erl-netrc.git",
       {ref,"36d52f7096ce9770a2d32d6905e2e870c5b39398"}},
  1},
 {<<"uri">>,
  {git,"https://github.com/exograd/erl-uri.git",
       {ref,"4d217279c3c850a5a02a9cc9e0d9881646d658e6"}},
  0},
 {<<"uuid">>,
  {git,"https://github.com/exograd/erl-uuid.git",
       {ref,"a3e876ed2fe46d04891574caf18bc49350b1a578"}},
  1}].
