[{<<"et">>,
  {git,"https://github.com/galdor/erl-et.git",
       {ref,"7b55d59e3ef75bbd6ea4126d3855046e639709a6"}},
  1},
 {<<"json">>,
  {git,"https://github.com/galdor/erl-json.git",
       {ref,"6549a08a4ece8ed2fc2d8857cfe722546be5fec8"}},
  0},
 {<<"jsv">>,
  {git,"https://github.com/galdor/erl-jsv.git",
       {ref,"2629b643f7bc9566d0c3a3a9aa6504f493273c5a"}},
  0},
 {<<"ksuid">>,
  {git,"https://github.com/exograd/erl-ksuid.git",
       {ref,"df2e1efb9a39efb4c58bb47be97a223a4119019b"}},
  1},
 {<<"mhttp">>,
  {git,"https://github.com/galdor/erl-mhttp.git",
       {ref,"68bc3ab5fd8298fb453b978f04a822008aee7bb9"}},
  0},
 {<<"uri">>,
  {git,"https://github.com/galdor/erl-uri.git",
       {ref,"b0060f9270a1e04e0197bfbe285e595e42a55622"}},
  0},
 {<<"uuid">>,
  {git,"https://github.com/galdor/erl-uuid.git",
       {ref,"a3e876ed2fe46d04891574caf18bc49350b1a578"}},
  1}].
