[{<<"b64">>,
  {git,"https://github.com/exograd/erl-b64.git",
       {ref,"cb27693049d0d838fdde900aba4de929bbb9021a"}},
  0},
 {<<"et">>,
  {git,"https://github.com/galdor/erl-et.git",
       {ref,"7b55d59e3ef75bbd6ea4126d3855046e639709a6"}},
  1},
 {<<"json">>,
  {git,"https://github.com/galdor/erl-json.git",
       {ref,"093aa31992dd958d1c9dba8337045eb647ebc2e3"}},
  0},
 {<<"jsv">>,
  {git,"https://github.com/galdor/erl-jsv.git",
       {ref,"f261feadc0f84e2e790885edc2d55b37da542ce9"}},
  0},
 {<<"ksuid">>,
  {git,"https://github.com/exograd/erl-ksuid.git",
       {ref,"df2e1efb9a39efb4c58bb47be97a223a4119019b"}},
  1},
 {<<"mhttp">>,
  {git,"https://github.com/galdor/erl-mhttp.git",
       {ref,"83ff47c5821f738c5d2259daafb19621809aeb23"}},
  0},
 {<<"netrc">>,
  {git,"https://github.com/exograd/erl-netrc.git",
       {ref,"28500f0552efec4907653f847dd54cb37ea00d3d"}},
  1},
 {<<"uri">>,
  {git,"https://github.com/galdor/erl-uri.git",
       {ref,"23f9fee391e81c82a668a3789f967455110e9dd1"}},
  0},
 {<<"uuid">>,
  {git,"https://github.com/galdor/erl-uuid.git",
       {ref,"a3e876ed2fe46d04891574caf18bc49350b1a578"}},
  1}].
